{
  "name": "StudioGhibli.github.io",
  "lockfileVersion": 3,
  "requires": true,
  "packages": {
    "": {
      "dependencies": {
        "animate.css": "^4.1.1",
        "gsap": "^3.12.4",
        "scroll-out": "^2.2.12",
        "splitting": "^1.0.6"
      }
    },
    "node_modules/animate.css": {
      "version": "4.1.1",
      "resolved": "https://registry.npmjs.org/animate.css/-/animate.css-4.1.1.tgz",
      "integrity": "sha512-+mRmCTv6SbCmtYJCN4faJMNFVNN5EuCTTprDTAo7YzIGji2KADmakjVA3+8mVDkZ2Bf09vayB35lSQIex2+QaQ=="
    },
    "node_modules/gsap": {
      "version": "3.12.4",
      "resolved": "https://registry.npmjs.org/gsap/-/gsap-3.12.4.tgz",
      "integrity": "sha512-1ByAq8dD0W4aBZ/JArgaQvc0gyUfkGkP8mgAQa0qZGdpOKlSOhOf+WNXjoLimKaKG3Z4Iu6DKZtnyszqQeyqWQ=="
    },
    "node_modules/scroll-out": {
      "version": "2.2.12",
      "resolved": "https://registry.npmjs.org/scroll-out/-/scroll-out-2.2.12.tgz",
      "integrity": "sha512-BPWQJat8mmcjQCq+l4DsibBopkmQQb5ngPJ6T9XRxRl86/LJo7V+0d3Sjd9fxzIJkZmkjoGxEAam+Urvem8VRw=="
    },
    "node_modules/splitting": {
      "version": "1.0.6",
      "resolved": "https://registry.npmjs.org/splitting/-/splitting-1.0.6.tgz",
      "integrity": "sha512-2hYicS/hTy1MgjTi4ST6B298uoLSx854VfTf0FeMmCeE6OiZjEixTOGPLqnNzSaM/y3jwoEYj5pmDzYFwRInPw=="
    }
  }
}
